
Microsoft Visual Studio Solution File, Format Version 12.00
# Visual Studio Version 17
VisualStudioVersion = 17.14.36121.58 d17.14
MinimumVisualStudioVersion = 10.0.40219.1
Project("{FAE04EC0-301F-11D3-BF4B-00C04F79EFBC}") = "PriceCalculator.Core", "PriceCalculator.Core\PriceCalculator.Core.csproj", "{AC568F55-F014-45E9-94B0-8A097F93C467}"
EndProject
Project("{FAE04EC0-301F-11D3-BF4B-00C04F79EFBC}") = "PriceCalculator.Tests", "PriceCalculator.Tests\PriceCalculator.Tests.csproj", "{C7DC213B-162B-54A1-8ABB-1DCA6F2E8864}"
EndProject
Global
	GlobalSection(SolutionConfigurationPlatforms) = preSolution
		Debug|Any CPU = Debug|Any CPU
		Release|Any CPU = Release|Any CPU
	EndGlobalSection
	GlobalSection(ProjectConfigurationPlatforms) = postSolution
		{AC568F55-F014-45E9-94B0-8A097F93C467}.Debug|Any CPU.ActiveCfg = Debug|Any CPU
		{AC568F55-F014-45E9-94B0-8A097F93C467}.Debug|Any CPU.Build.0 = Debug|Any CPU
		{AC568F55-F014-45E9-94B0-8A097F93C467}.Release|Any CPU.ActiveCfg = Release|Any CPU
		{AC568F55-F014-45E9-94B0-8A097F93C467}.Release|Any CPU.Build.0 = Release|Any CPU
		{C7DC213B-162B-54A1-8ABB-1DCA6F2E8864}.Debug|Any CPU.ActiveCfg = Debug|Any CPU
		{C7DC213B-162B-54A1-8ABB-1DCA6F2E8864}.Debug|Any CPU.Build.0 = Debug|Any CPU
		{C7DC213B-162B-54A1-8ABB-1DCA6F2E8864}.Release|Any CPU.ActiveCfg = Release|Any CPU
		{C7DC213B-162B-54A1-8ABB-1DCA6F2E8864}.Release|Any CPU.Build.0 = Release|Any CPU
	EndGlobalSection
	GlobalSection(SolutionProperties) = preSolution
		HideSolutionNode = FALSE
	EndGlobalSection
	GlobalSection(ExtensibilityGlobals) = postSolution
		SolutionGuid = {859B199E-2D4C-484E-8E63-45E032778A88}
	EndGlobalSection
EndGlobal
